
Microsoft Visual Studio Solution File, Format Version 12.00
# Visual Studio Version 16
VisualStudioVersion = 16.0.31729.503
MinimumVisualStudioVersion = 10.0.40219.1
Project("{8BC9CEB8-8B4A-11D0-8D11-00A0C91BC942}") = "BankTransactionMS", "BankTransactionMS.vcxproj", "{16143117-9F6A-4D0F-B6DB-1C708EAEBB44}"
EndProject
Global
	GlobalSection(SolutionConfigurationPlatforms) = preSolution
		Debug|x64 = Debug|x64
		Debug|x86 = Debug|x86
		Release|x64 = Release|x64
		Release|x86 = Release|x86
	EndGlobalSection
	GlobalSection(ProjectConfigurationPlatforms) = postSolution
		{16143117-9F6A-4D0F-B6DB-1C708EAEBB44}.Debug|x64.ActiveCfg = Debug|x64
		{16143117-9F6A-4D0F-B6DB-1C708EAEBB44}.Debug|x64.Build.0 = Debug|x64
		{16143117-9F6A-4D0F-B6DB-1C708EAEBB44}.Debug|x86.ActiveCfg = Debug|Win32
		{16143117-9F6A-4D0F-B6DB-1C708EAEBB44}.Debug|x86.Build.0 = Debug|Win32
		{16143117-9F6A-4D0F-B6DB-1C708EAEBB44}.Release|x64.ActiveCfg = Release|x64
		{16143117-9F6A-4D0F-B6DB-1C708EAEBB44}.Release|x64.Build.0 = Release|x64
		{16143117-9F6A-4D0F-B6DB-1C708EAEBB44}.Release|x86.ActiveCfg = Release|Win32
		{16143117-9F6A-4D0F-B6DB-1C708EAEBB44}.Release|x86.Build.0 = Release|Win32
	EndGlobalSection
	GlobalSection(SolutionProperties) = preSolution
		HideSolutionNode = FALSE
	EndGlobalSection
	GlobalSection(ExtensibilityGlobals) = postSolution
		SolutionGuid = {601867B0-C5C6-45CB-B17C-884C3F32BE79}
	EndGlobalSection
EndGlobal
